
Microsoft Visual Studio Solution File, Format Version 12.00
# Visual Studio Version 16
VisualStudioVersion = 16.0.810.10
MinimumVisualStudioVersion = 10.0.40219.1
Project("{F2A71F9B-5D33-465A-A702-920D77279786}") = "Project2", "Project2\Project2.fsproj", "{D44D11B3-DDE1-418B-9637-C77C0DE3C1C6}"
EndProject
Global
	GlobalSection(SolutionConfigurationPlatforms) = preSolution
		Debug|Any CPU = Debug|Any CPU
		Release|Any CPU = Release|Any CPU
	EndGlobalSection
	GlobalSection(ProjectConfigurationPlatforms) = postSolution
		{D44D11B3-DDE1-418B-9637-C77C0DE3C1C6}.Debug|Any CPU.ActiveCfg = Debug|Any CPU
		{D44D11B3-DDE1-418B-9637-C77C0DE3C1C6}.Debug|Any CPU.Build.0 = Debug|Any CPU
		{D44D11B3-DDE1-418B-9637-C77C0DE3C1C6}.Release|Any CPU.ActiveCfg = Release|Any CPU
		{D44D11B3-DDE1-418B-9637-C77C0DE3C1C6}.Release|Any CPU.Build.0 = Release|Any CPU
	EndGlobalSection
	GlobalSection(SolutionProperties) = preSolution
		HideSolutionNode = FALSE
	EndGlobalSection
	GlobalSection(ExtensibilityGlobals) = postSolution
		SolutionGuid = {633B81D6-B518-4CF3-915B-B9397EC1D180}
	EndGlobalSection
EndGlobal
